
Microsoft Visual Studio Solution File, Format Version 12.00
# Visual Studio Version 17
VisualStudioVersion = 17.10.35013.160
MinimumVisualStudioVersion = 10.0.40219.1
Project("{9A19103F-16F7-4668-BE54-9A1E7A4F7556}") = "353502_Zgirskaya_Lab6", "353502_Zgirskaya_Lab6\353502_Zgirskaya_Lab6.csproj", "{13AFFFBB-8DC3-4F0E-899D-21D0D913EC42}"
EndProject
Project("{FAE04EC0-301F-11D3-BF4B-00C04F79EFBC}") = "ClassLibrary", "ClassLibrary\ClassLibrary.csproj", "{631FA407-FFC8-43AA-8109-3AC3E03D19CE}"
EndProject
Global
	GlobalSection(SolutionConfigurationPlatforms) = preSolution
		Debug|Any CPU = Debug|Any CPU
		Release|Any CPU = Release|Any CPU
	EndGlobalSection
	GlobalSection(ProjectConfigurationPlatforms) = postSolution
		{13AFFFBB-8DC3-4F0E-899D-21D0D913EC42}.Debug|Any CPU.ActiveCfg = Debug|Any CPU
		{13AFFFBB-8DC3-4F0E-899D-21D0D913EC42}.Debug|Any CPU.Build.0 = Debug|Any CPU
		{13AFFFBB-8DC3-4F0E-899D-21D0D913EC42}.Release|Any CPU.ActiveCfg = Release|Any CPU
		{13AFFFBB-8DC3-4F0E-899D-21D0D913EC42}.Release|Any CPU.Build.0 = Release|Any CPU
		{631FA407-FFC8-43AA-8109-3AC3E03D19CE}.Debug|Any CPU.ActiveCfg = Debug|Any CPU
		{631FA407-FFC8-43AA-8109-3AC3E03D19CE}.Debug|Any CPU.Build.0 = Debug|Any CPU
		{631FA407-FFC8-43AA-8109-3AC3E03D19CE}.Release|Any CPU.ActiveCfg = Release|Any CPU
		{631FA407-FFC8-43AA-8109-3AC3E03D19CE}.Release|Any CPU.Build.0 = Release|Any CPU
	EndGlobalSection
	GlobalSection(SolutionProperties) = preSolution
		HideSolutionNode = FALSE
	EndGlobalSection
	GlobalSection(ExtensibilityGlobals) = postSolution
		SolutionGuid = {E3A0E400-A474-4186-9D9C-0245AB8123A4}
	EndGlobalSection
EndGlobal
